// !$*UTF8*$!
{
	archiveVersion = 1;
	classes = {
	};
	objectVersion = 50;
	objects = {

/* Begin PBXBuildFile section */
		BB99E16020E9E63200B113B0 /* AppDelegate.swift in Sources */ = {isa = PBXBuildFile; fileRef = BB99E15F20E9E63200B113B0 /* AppDelegate.swift */; };
		BB99E16220E9E63200B113B0 /* ViewController.swift in Sources */ = {isa = PBXBuildFile; fileRef = BB99E16120E9E63200B113B0 /* ViewController.swift */; };
		BB99E16520E9E63200B113B0 /* Main.storyboard in Resources */ = {isa = PBXBuildFile; fileRef = BB99E16320E9E63200B113B0 /* Main.storyboard */; };
		BB99E16720E9E63400B113B0 /* Assets.xcassets in Resources */ = {isa = PBXBuildFile; fileRef = BB99E16620E9E63400B113B0 /* Assets.xcassets */; };
		BB99E16A20E9E63400B113B0 /* LaunchScreen.storyboard in Resources */ = {isa = PBXBuildFile; fileRef = BB99E16820E9E63400B113B0 /* LaunchScreen.storyboard */; };
		BB99E17520E9E63400B113B0 /* TiptronTests.swift in Sources */ = {isa = PBXBuildFile; fileRef = BB99E17420E9E63400B113B0 /* TiptronTests.swift */; };
		BB99E18020E9E63400B113B0 /* TiptronUITests.swift in Sources */ = {isa = PBXBuildFile; fileRef = BB99E17F20E9E63400B113B0 /* TiptronUITests.swift */; };
		BBFBAF4A20EAC0AE002F8F48 /* SettingsViewController.swift in Sources */ = {isa = PBXBuildFile; fileRef = BBFBAF4920EAC0AE002F8F48 /* SettingsViewController.swift */; };
/* End PBXBuildFile section */

/* Begin PBXContainerItemProxy section */
		BB99E17120E9E63400B113B0 /* PBXContainerItemProxy */ = {
			isa = PBXContainerItemProxy;
			containerPortal = BB99E15420E9E63200B113B0 /* Project object */;
			proxyType = 1;
			remoteGlobalIDString = BB99E15B20E9E63200B113B0;
			remoteInfo = Tiptron;
		};
		BB99E17C20E9E63400B113B0 /* PBXContainerItemProxy */ = {
			isa = PBXContainerItemProxy;
			containerPortal = BB99E15420E9E63200B113B0 /* Project object */;
			proxyType = 1;
			remoteGlobalIDString = BB99E15B20E9E63200B113B0;
			remoteInfo = Tiptron;
		};
/* End PBXContainerItemProxy section */

/* Begin PBXFileReference section */
		BB99E15C20E9E63200B113B0 /* Tiptron.app */ = {isa = PBXFileReference; explicitFileType = wrapper.application; includeInIndex = 0; path = Tiptron.app; sourceTree = BUILT_PRODUCTS_DIR; };
		BB99E15F20E9E63200B113B0 /* AppDelegate.swift */ = {isa = PBXFileReference; lastKnownFileType = sourcecode.swift; path = AppDelegate.swift; sourceTree = "<group>"; };
		BB99E16120E9E63200B113B0 /* ViewController.swift */ = {isa = PBXFileReference; lastKnownFileType = sourcecode.swift; path = ViewController.swift; sourceTree = "<group>"; };
		BB99E16420E9E63200B113B0 /* Base */ = {isa = PBXFileReference; lastKnownFileType = file.storyboard; name = Base; path = Base.lproj/Main.storyboard; sourceTree = "<group>"; };
		BB99E16620E9E63400B113B0 /* Assets.xcassets */ = {isa = PBXFileReference; lastKnownFileType = folder.assetcatalog; path = Assets.xcassets; sourceTree = "<group>"; };
		BB99E16920E9E63400B113B0 /* Base */ = {isa = PBXFileReference; lastKnownFileType = file.storyboard; name = Base; path = Base.lproj/LaunchScreen.storyboard; sourceTree = "<group>"; };
		BB99E16B20E9E63400B113B0 /* Info.plist */ = {isa = PBXFileReference; lastKnownFileType = text.plist.xml; path = Info.plist; sourceTree = "<group>"; };
		BB99E17020E9E63400B113B0 /* TiptronTests.xctest */ = {isa = PBXFileReference; explicitFileType = wrapper.cfbundle; includeInIndex = 0; path = TiptronTests.xctest; sourceTree = BUILT_PRODUCTS_DIR; };
		BB99E17420E9E63400B113B0 /* TiptronTests.swift */ = {isa = PBXFileReference; lastKnownFileType = sourcecode.swift; path = TiptronTests.swift; sourceTree = "<group>"; };
		BB99E17620E9E63400B113B0 /* Info.plist */ = {isa = PBXFileReference; lastKnownFileType = text.plist.xml; path = Info.plist; sourceTree = "<group>"; };
		BB99E17B20E9E63400B113B0 /* TiptronUITests.xctest */ = {isa = PBXFileReference; explicitFileType = wrapper.cfbundle; includeInIndex = 0; path = TiptronUITests.xctest; sourceTree = BUILT_PRODUCTS_DIR; };
		BB99E17F20E9E63400B113B0 /* TiptronUITests.swift */ = {isa = PBXFileReference; lastKnownFileType = sourcecode.swift; path = TiptronUITests.swift; sourceTree = "<group>"; };
		BB99E18120E9E63400B113B0 /* Info.plist */ = {isa = PBXFileReference; lastKnownFileType = text.plist.xml; path = Info.plist; sourceTree = "<group>"; };
		BBFBAF4920EAC0AE002F8F48 /* SettingsViewController.swift */ = {isa = PBXFileReference; lastKnownFileType = sourcecode.swift; path = SettingsViewController.swift; sourceTree = "<group>"; };
/* End PBXFileReference section */

/* Begin PBXFrameworksBuildPhase section */
		BB99E15920E9E63200B113B0 /* Frameworks */ = {
			isa = PBXFrameworksBuildPhase;
			buildActionMask = 2147483647;
			files = (
			);
			runOnlyForDeploymentPostprocessing = 0;
		};
		BB99E16D20E9E63400B113B0 /* Frameworks */ = {
			isa = PBXFrameworksBuildPhase;
			buildActionMask = 2147483647;
			files = (
			);
			runOnlyForDeploymentPostprocessing = 0;
		};
		BB99E17820E9E63400B113B0 /* Frameworks */ = {
			isa = PBXFrameworksBuildPhase;
			buildActionMask = 2147483647;
			files = (
			);
			runOnlyForDeploymentPostprocessing = 0;
		};
/* End PBXFrameworksBuildPhase section */

/* Begin PBXGroup section */
		BB99E15320E9E63200B113B0 = {
			isa = PBXGroup;
			children = (
				BB99E15E20E9E63200B113B0 /* Tiptron */,
				BB99E17320E9E63400B113B0 /* TiptronTests */,
				BB99E17E20E9E63400B113B0 /* TiptronUITests */,
				BB99E15D20E9E63200B113B0 /* Products */,
			);
			sourceTree = "<group>";
		};
		BB99E15D20E9E63200B113B0 /* Products */ = {
			isa = PBXGroup;
			children = (
				BB99E15C20E9E63200B113B0 /* Tiptron.app */,
				BB99E17020E9E63400B113B0 /* TiptronTests.xctest */,
				BB99E17B20E9E63400B113B0 /* TiptronUITests.xctest */,
			);
			name = Products;
			sourceTree = "<group>";
		};
		BB99E15E20E9E63200B113B0 /* Tiptron */ = {
			isa = PBXGroup;
			children = (
				BB99E15F20E9E63200B113B0 /* AppDelegate.swift */,
				BB99E16120E9E63200B113B0 /* ViewController.swift */,
				BB99E16320E9E63200B113B0 /* Main.storyboard */,
				BBFBAF4920EAC0AE002F8F48 /* SettingsViewController.swift */,
				BB99E16620E9E63400B113B0 /* Assets.xcassets */,
				BB99E16820E9E63400B113B0 /* LaunchScreen.storyboard */,
				BB99E16B20E9E63400B113B0 /* Info.plist */,
			);
			path = Tiptron;
			sourceTree = "<group>";
		};
		BB99E17320E9E63400B113B0 /* TiptronTests */ = {
			isa = PBXGroup;
			children = (
				BB99E17420E9E63400B113B0 /* TiptronTests.swift */,
				BB99E17620E9E63400B113B0 /* Info.plist */,
			);
			path = TiptronTests;
			sourceTree = "<group>";
		};
		BB99E17E20E9E63400B113B0 /* TiptronUITests */ = {
			isa = PBXGroup;
			children = (
				BB99E17F20E9E63400B113B0 /* TiptronUITests.swift */,
				BB99E18120E9E63400B113B0 /* Info.plist */,
			);
			path = TiptronUITests;
			sourceTree = "<group>";
		};
/* End PBXGroup section */

/* Begin PBXNativeTarget section */
		BB99E15B20E9E63200B113B0 /* Tiptron */ = {
			isa = PBXNativeTarget;
			buildConfigurationList = BB99E18420E9E63400B113B0 /* Build configuration list for PBXNativeTarget "Tiptron" */;
			buildPhases = (
				BB99E15820E9E63200B113B0 /* Sources */,
				BB99E15920E9E63200B113B0 /* Frameworks */,
				BB99E15A20E9E63200B113B0 /* Resources */,
			);
			buildRules = (
			);
			dependencies = (
			);
			name = Tiptron;
			productName = Tiptron;
			productReference = BB99E15C20E9E63200B113B0 /* Tiptron.app */;
			productType = "com.apple.product-type.application";
		};
		BB99E16F20E9E63400B113B0 /* TiptronTests */ = {
			isa = PBXNativeTarget;
			buildConfigurationList = BB99E18720E9E63400B113B0 /* Build configuration list for PBXNativeTarget "TiptronTests" */;
			buildPhases = (
				BB99E16C20E9E63400B113B0 /* Sources */,
				BB99E16D20E9E63400B113B0 /* Frameworks */,
				BB99E16E20E9E63400B113B0 /* Resources */,
			);
			buildRules = (
			);
			dependencies = (
				BB99E17220E9E63400B113B0 /* PBXTargetDependency */,
			);
			name = TiptronTests;
			productName = TiptronTests;
			productReference = BB99E17020E9E63400B113B0 /* TiptronTests.xctest */;
			productType = "com.apple.product-type.bundle.unit-test";
		};
		BB99E17A20E9E63400B113B0 /* TiptronUITests */ = {
			isa = PBXNativeTarget;
			buildConfigurationList = BB99E18A20E9E63400B113B0 /* Build configuration list for PBXNativeTarget "TiptronUITests" */;
			buildPhases = (
				BB99E17720E9E63400B113B0 /* Sources */,
				BB99E17820E9E63400B113B0 /* Frameworks */,
				BB99E17920E9E63400B113B0 /* Resources */,
			);
			buildRules = (
			);
			dependencies = (
				BB99E17D20E9E63400B113B0 /* PBXTargetDependency */,
			);
			name = TiptronUITests;
			productName = TiptronUITests;
			productReference = BB99E17B20E9E63400B113B0 /* TiptronUITests.xctest */;
			productType = "com.apple.product-type.bundle.ui-testing";
		};
/* End PBXNativeTarget section */

/* Begin PBXProject section */
		BB99E15420E9E63200B113B0 /* Project object */ = {
			isa = PBXProject;
			attributes = {
				LastSwiftUpdateCheck = 0940;
				LastUpgradeCheck = 0940;
				ORGANIZATIONNAME = "Rajeev Ram";
				TargetAttributes = {
					BB99E15B20E9E63200B113B0 = {
						CreatedOnToolsVersion = 9.4.1;
					};
					BB99E16F20E9E63400B113B0 = {
						CreatedOnToolsVersion = 9.4.1;
						TestTargetID = BB99E15B20E9E63200B113B0;
					};
					BB99E17A20E9E63400B113B0 = {
						CreatedOnToolsVersion = 9.4.1;
						TestTargetID = BB99E15B20E9E63200B113B0;
					};
				};
			};
			buildConfigurationList = BB99E15720E9E63200B113B0 /* Build configuration list for PBXProject "Tiptron" */;
			compatibilityVersion = "Xcode 9.3";
			developmentRegion = en;
			hasScannedForEncodings = 0;
			knownRegions = (
				en,
				Base,
			);
			mainGroup = BB99E15320E9E63200B113B0;
			productRefGroup = BB99E15D20E9E63200B113B0 /* Products */;
			projectDirPath = "";
			projectRoot = "";
			targets = (
				BB99E15B20E9E63200B113B0 /* Tiptron */,
				BB99E16F20E9E63400B113B0 /* TiptronTests */,
				BB99E17A20E9E63400B113B0 /* TiptronUITests */,
			);
		};
/* End PBXProject section */

/* Begin PBXResourcesBuildPhase section */
		BB99E15A20E9E63200B113B0 /* Resources */ = {
			isa = PBXResourcesBuildPhase;
			buildActionMask = 2147483647;
			files = (
				BB99E16A20E9E63400B113B0 /* LaunchScreen.storyboard in Resources */,
				BB99E16720E9E63400B113B0 /* Assets.xcassets in Resources */,
				BB99E16520E9E63200B113B0 /* Main.storyboard in Resources */,
			);
			runOnlyForDeploymentPostprocessing = 0;
		};
		BB99E16E20E9E63400B113B0 /* Resources */ = {
			isa = PBXResourcesBuildPhase;
			buildActionMask = 2147483647;
			files = (
			);
			runOnlyForDeploymentPostprocessing = 0;
		};
		BB99E17920E9E63400B113B0 /* Resources */ = {
			isa = PBXResourcesBuildPhase;
			buildActionMask = 2147483647;
			files = (
			);
			runOnlyForDeploymentPostprocessing = 0;
		};
/* End PBXResourcesBuildPhase section */

/* Begin PBXSourcesBuildPhase section */
		BB99E15820E9E63200B113B0 /* Sources */ = {
			isa = PBXSourcesBuildPhase;
			buildActionMask = 2147483647;
			files = (
				BB99E16220E9E63200B113B0 /* ViewController.swift in Sources */,
				BB99E16020E9E63200B113B0 /* AppDelegate.swift in Sources */,
				BBFBAF4A20EAC0AE002F8F48 /* SettingsViewController.swift in Sources */,
			);
			runOnlyForDeploymentPostprocessing = 0;
		};
		BB99E16C20E9E63400B113B0 /* Sources */ = {
			isa = PBXSourcesBuildPhase;
			buildActionMask = 2147483647;
			files = (
				BB99E17520E9E63400B113B0 /* TiptronTests.swift in Sources */,
			);
			runOnlyForDeploymentPostprocessing = 0;
		};
		BB99E17720E9E63400B113B0 /* Sources */ = {
			isa = PBXSourcesBuildPhase;
			buildActionMask = 2147483647;
			files = (
				BB99E18020E9E63400B113B0 /* TiptronUITests.swift in Sources */,
			);
			runOnlyForDeploymentPostprocessing = 0;
		};
/* End PBXSourcesBuildPhase section */

/* Begin PBXTargetDependency section */
		BB99E17220E9E63400B113B0 /* PBXTargetDependency */ = {
			isa = PBXTargetDependency;
			target = BB99E15B20E9E63200B113B0 /* Tiptron */;
			targetProxy = BB99E17120E9E63400B113B0 /* PBXContainerItemProxy */;
		};
		BB99E17D20E9E63400B113B0 /* PBXTargetDependency */ = {
			isa = PBXTargetDependency;
			target = BB99E15B20E9E63200B113B0 /* Tiptron */;
			targetProxy = BB99E17C20E9E63400B113B0 /* PBXContainerItemProxy */;
		};
/* End PBXTargetDependency section */

/* Begin PBXVariantGroup section */
		BB99E16320E9E63200B113B0 /* Main.storyboard */ = {
			isa = PBXVariantGroup;
			children = (
				BB99E16420E9E63200B113B0 /* Base */,
			);
			name = Main.storyboard;
			sourceTree = "<group>";
		};
		BB99E16820E9E63400B113B0 /* LaunchScreen.storyboard */ = {
			isa = PBXVariantGroup;
			children = (
				BB99E16920E9E63400B113B0 /* Base */,
			);
			name = LaunchScreen.storyboard;
			sourceTree = "<group>";
		};
/* End PBXVariantGroup section */

/* Begin XCBuildConfiguration section */
		BB99E18220E9E63400B113B0 /* Debug */ = {
			isa = XCBuildConfiguration;
			buildSettings = {
				ALWAYS_SEARCH_USER_PATHS = NO;
				CLANG_ANALYZER_NONNULL = YES;
				CLANG_ANALYZER_NUMBER_OBJECT_CONVERSION = YES_AGGRESSIVE;
				CLANG_CXX_LANGUAGE_STANDARD = "gnu++14";
				CLANG_CXX_LIBRARY = "libc++";
				CLANG_ENABLE_MODULES = YES;
				CLANG_ENABLE_OBJC_ARC = YES;
				CLANG_ENABLE_OBJC_WEAK = YES;
				CLANG_WARN_BLOCK_CAPTURE_AUTORELEASING = YES;
				CLANG_WARN_BOOL_CONVERSION = YES;
				CLANG_WARN_COMMA = YES;
				CLANG_WARN_CONSTANT_CONVERSION = YES;
				CLANG_WARN_DEPRECATED_OBJC_IMPLEMENTATIONS = YES;
				CLANG_WARN_DIRECT_OBJC_ISA_USAGE = YES_ERROR;
				CLANG_WARN_DOCUMENTATION_COMMENTS = YES;
				CLANG_WARN_EMPTY_BODY = YES;
				CLANG_WARN_ENUM_CONVERSION = YES;
				CLANG_WARN_INFINITE_RECURSION = YES;
				CLANG_WARN_INT_CONVERSION = YES;
				CLANG_WARN_NON_LITERAL_NULL_CONVERSION = YES;
				CLANG_WARN_OBJC_IMPLICIT_RETAIN_SELF = YES;
				CLANG_WARN_OBJC_LITERAL_CONVERSION = YES;
				CLANG_WARN_OBJC_ROOT_CLASS = YES_ERROR;
				CLANG_WARN_RANGE_LOOP_ANALYSIS = YES;
				CLANG_WARN_STRICT_PROTOTYPES = YES;
				CLANG_WARN_SUSPICIOUS_MOVE = YES;
				CLANG_WARN_UNGUARDED_AVAILABILITY = YES_AGGRESSIVE;
				CLANG_WARN_UNREACHABLE_CODE = YES;
				CLANG_WARN__DUPLICATE_METHOD_MATCH = YES;
				CODE_SIGN_IDENTITY = "iPhone Developer";
				COPY_PHASE_STRIP = NO;
				DEBUG_INFORMATION_FORMAT = dwarf;
				ENABLE_STRICT_OBJC_MSGSEND = YES;
				ENABLE_TESTABILITY = YES;
				GCC_C_LANGUAGE_STANDARD = gnu11;
				GCC_DYNAMIC_NO_PIC = NO;
				GCC_NO_COMMON_BLOCKS = YES;
				GCC_OPTIMIZATION_LEVEL = 0;
				GCC_PREPROCESSOR_DEFINITIONS = (
					"DEBUG=1",
					"$(inherited)",
				);
				GCC_WARN_64_TO_32_BIT_CONVERSION = YES;
				GCC_WARN_ABOUT_RETURN_TYPE = YES_ERROR;
				GCC_WARN_UNDECLARED_SELECTOR = YES;
				GCC_WARN_UNINITIALIZED_AUTOS = YES_AGGRESSIVE;
				GCC_WARN_UNUSED_FUNCTION = YES;
				GCC_WARN_UNUSED_VARIABLE = YES;
				IPHONEOS_DEPLOYMENT_TARGET = 11.4;
				MTL_ENABLE_DEBUG_INFO = YES;
				ONLY_ACTIVE_ARCH = YES;
				SDKROOT = iphoneos;
				SWIFT_ACTIVE_COMPILATION_CONDITIONS = DEBUG;
				SWIFT_OPTIMIZATION_LEVEL = "-Onone";
			};
			name = Debug;
		};
		BB99E18320E9E63400B113B0 /* Release */ = {
			isa = XCBuildConfiguration;
			buildSettings = {
				ALWAYS_SEARCH_USER_PATHS = NO;
				CLANG_ANALYZER_NONNULL = YES;
				CLANG_ANALYZER_NUMBER_OBJECT_CONVERSION = YES_AGGRESSIVE;
				CLANG_CXX_LANGUAGE_STANDARD = "gnu++14";
				CLANG_CXX_LIBRARY = "libc++";
				CLANG_ENABLE_MODULES = YES;
				CLANG_ENABLE_OBJC_ARC = YES;
				CLANG_ENABLE_OBJC_WEAK = YES;
				CLANG_WARN_BLOCK_CAPTURE_AUTORELEASING = YES;
				CLANG_WARN_BOOL_CONVERSION = YES;
				CLANG_WARN_COMMA = YES;
				CLANG_WARN_CONSTANT_CONVERSION = YES;
				CLANG_WARN_DEPRECATED_OBJC_IMPLEMENTATIONS = YES;
				CLANG_WARN_DIRECT_OBJC_ISA_USAGE = YES_ERROR;
				CLANG_WARN_DOCUMENTATION_COMMENTS = YES;
				CLANG_WARN_EMPTY_BODY = YES;
				CLANG_WARN_ENUM_CONVERSION = YES;
				CLANG_WARN_INFINITE_RECURSION = YES;
				CLANG_WARN_INT_CONVERSION = YES;
				CLANG_WARN_NON_LITERAL_NULL_CONVERSION = YES;
				CLANG_WARN_OBJC_IMPLICIT_RETAIN_SELF = YES;
				CLANG_WARN_OBJC_LITERAL_CONVERSION = YES;
				CLANG_WARN_OBJC_ROOT_CLASS = YES_ERROR;
				CLANG_WARN_RANGE_LOOP_ANALYSIS = YES;
				CLANG_WARN_STRICT_PROTOTYPES = YES;
				CLANG_WARN_SUSPICIOUS_MOVE = YES;
				CLANG_WARN_UNGUARDED_AVAILABILITY = YES_AGGRESSIVE;
				CLANG_WARN_UNREACHABLE_CODE = YES;
				CLANG_WARN__DUPLICATE_METHOD_MATCH = YES;
				CODE_SIGN_IDENTITY = "iPhone Developer";
				COPY_PHASE_STRIP = NO;
				DEBUG_INFORMATION_FORMAT = "dwarf-with-dsym";
				ENABLE_NS_ASSERTIONS = NO;
				ENABLE_STRICT_OBJC_MSGSEND = YES;
				GCC_C_LANGUAGE_STANDARD = gnu11;
				GCC_NO_COMMON_BLOCKS = YES;
				GCC_WARN_64_TO_32_BIT_CONVERSION = YES;
				GCC_WARN_ABOUT_RETURN_TYPE = YES_ERROR;
				GCC_WARN_UNDECLARED_SELECTOR = YES;
				GCC_WARN_UNINITIALIZED_AUTOS = YES_AGGRESSIVE;
				GCC_WARN_UNUSED_FUNCTION = YES;
				GCC_WARN_UNUSED_VARIABLE = YES;
				IPHONEOS_DEPLOYMENT_TARGET = 11.4;
				MTL_ENABLE_DEBUG_INFO = NO;
				SDKROOT = iphoneos;
				SWIFT_COMPILATION_MODE = wholemodule;
				SWIFT_OPTIMIZATION_LEVEL = "-O";
				VALIDATE_PRODUCT = YES;
			};
			name = Release;
		};
		BB99E18520E9E63400B113B0 /* Debug */ = {
			isa = XCBuildConfiguration;
			buildSettings = {
				ASSETCATALOG_COMPILER_APPICON_NAME = AppIcon;
				CODE_SIGN_STYLE = Automatic;
				INFOPLIST_FILE = Tiptron/Info.plist;
				LD_RUNPATH_SEARCH_PATHS = (
					"$(inherited)",
					"@executable_path/Frameworks",
				);
				PRODUCT_BUNDLE_IDENTIFIER = com.uase.Tiptron;
				PRODUCT_NAME = "$(TARGET_NAME)";
				SWIFT_VERSION = 4.0;
				TARGETED_DEVICE_FAMILY = "1,2";
			};
			name = Debug;
		};
		BB99E18620E9E63400B113B0 /* Release */ = {
			isa = XCBuildConfiguration;
			buildSettings = {
				ASSETCATALOG_COMPILER_APPICON_NAME = AppIcon;
				CODE_SIGN_STYLE = Automatic;
				INFOPLIST_FILE = Tiptron/Info.plist;
				LD_RUNPATH_SEARCH_PATHS = (
					"$(inherited)",
					"@executable_path/Frameworks",
				);
				PRODUCT_BUNDLE_IDENTIFIER = com.uase.Tiptron;
				PRODUCT_NAME = "$(TARGET_NAME)";
				SWIFT_VERSION = 4.0;
				TARGETED_DEVICE_FAMILY = "1,2";
			};
			name = Release;
		};
		BB99E18820E9E63400B113B0 /* Debug */ = {
			isa = XCBuildConfiguration;
			buildSettings = {
				ALWAYS_EMBED_SWIFT_STANDARD_LIBRARIES = YES;
				BUNDLE_LOADER = "$(TEST_HOST)";
				CODE_SIGN_STYLE = Automatic;
				INFOPLIST_FILE = TiptronTests/Info.plist;
				LD_RUNPATH_SEARCH_PATHS = (
					"$(inherited)",
					"@executable_path/Frameworks",
					"@loader_path/Frameworks",
				);
				PRODUCT_BUNDLE_IDENTIFIER = com.uase.TiptronTests;
				PRODUCT_NAME = "$(TARGET_NAME)";
				SWIFT_VERSION = 4.0;
				TARGETED_DEVICE_FAMILY = "1,2";
				TEST_HOST = "$(BUILT_PRODUCTS_DIR)/Tiptron.app/Tiptron";
			};
			name = Debug;
		};
		BB99E18920E9E63400B113B0 /* Release */ = {
			isa = XCBuildConfiguration;
			buildSettings = {
				ALWAYS_EMBED_SWIFT_STANDARD_LIBRARIES = YES;
				BUNDLE_LOADER = "$(TEST_HOST)";
				CODE_SIGN_STYLE = Automatic;
				INFOPLIST_FILE = TiptronTests/Info.plist;
				LD_RUNPATH_SEARCH_PATHS = (
					"$(inherited)",
					"@executable_path/Frameworks",
					"@loader_path/Frameworks",
				);
				PRODUCT_BUNDLE_IDENTIFIER = com.uase.TiptronTests;
				PRODUCT_NAME = "$(TARGET_NAME)";
				SWIFT_VERSION = 4.0;
				TARGETED_DEVICE_FAMILY = "1,2";
				TEST_HOST = "$(BUILT_PRODUCTS_DIR)/Tiptron.app/Tiptron";
			};
			name = Release;
		};
		BB99E18B20E9E63400B113B0 /* Debug */ = {
			isa = XCBuildConfiguration;
			buildSettings = {
				ALWAYS_EMBED_SWIFT_STANDARD_LIBRARIES = YES;
				CODE_SIGN_STYLE = Automatic;
				INFOPLIST_FILE = TiptronUITests/Info.plist;
				LD_RUNPATH_SEARCH_PATHS = (
					"$(inherited)",
					"@executable_path/Frameworks",
					"@loader_path/Frameworks",
				);
				PRODUCT_BUNDLE_IDENTIFIER = com.uase.TiptronUITests;
				PRODUCT_NAME = "$(TARGET_NAME)";
				SWIFT_VERSION = 4.0;
				TARGETED_DEVICE_FAMILY = "1,2";
				TEST_TARGET_NAME = Tiptron;
			};
			name = Debug;
		};
		BB99E18C20E9E63400B113B0 /* Release */ = {
			isa = XCBuildConfiguration;
			buildSettings = {
				ALWAYS_EMBED_SWIFT_STANDARD_LIBRARIES = YES;
				CODE_SIGN_STYLE = Automatic;
				INFOPLIST_FILE = TiptronUITests/Info.plist;
				LD_RUNPATH_SEARCH_PATHS = (
					"$(inherited)",
					"@executable_path/Frameworks",
					"@loader_path/Frameworks",
				);
				PRODUCT_BUNDLE_IDENTIFIER = com.uase.TiptronUITests;
				PRODUCT_NAME = "$(TARGET_NAME)";
				SWIFT_VERSION = 4.0;
				TARGETED_DEVICE_FAMILY = "1,2";
				TEST_TARGET_NAME = Tiptron;
			};
			name = Release;
		};
/* End XCBuildConfiguration section */

/* Begin XCConfigurationList section */
		BB99E15720E9E63200B113B0 /* Build configuration list for PBXProject "Tiptron" */ = {
			isa = XCConfigurationList;
			buildConfigurations = (
				BB99E18220E9E63400B113B0 /* Debug */,
				BB99E18320E9E63400B113B0 /* Release */,
			);
			defaultConfigurationIsVisible = 0;
			defaultConfigurationName = Release;
		};
		BB99E18420E9E63400B113B0 /* Build configuration list for PBXNativeTarget "Tiptron" */ = {
			isa = XCConfigurationList;
			buildConfigurations = (
				BB99E18520E9E63400B113B0 /* Debug */,
				BB99E18620E9E63400B113B0 /* Release */,
			);
			defaultConfigurationIsVisible = 0;
			defaultConfigurationName = Release;
		};
		BB99E18720E9E63400B113B0 /* Build configuration list for PBXNativeTarget "TiptronTests" */ = {
			isa = XCConfigurationList;
			buildConfigurations = (
				BB99E18820E9E63400B113B0 /* Debug */,
				BB99E18920E9E63400B113B0 /* Release */,
			);
			defaultConfigurationIsVisible = 0;
			defaultConfigurationName = Release;
		};
		BB99E18A20E9E63400B113B0 /* Build configuration list for PBXNativeTarget "TiptronUITests" */ = {
			isa = XCConfigurationList;
			buildConfigurations = (
				BB99E18B20E9E63400B113B0 /* Debug */,
				BB99E18C20E9E63400B113B0 /* Release */,
			);
			defaultConfigurationIsVisible = 0;
			defaultConfigurationName = Release;
		};
/* End XCConfigurationList section */
	};
	rootObject = BB99E15420E9E63200B113B0 /* Project object */;
}
